<?xml version="1.0" encoding="UTF-8" standalone="yes" ?>
<CodeBlocks_project_file>
	<FileVersion major="1" minor="6" />
	<Project>
		<Option title="Standard.Algorithms" />
		<Option pch_mode="2" />
		<Option compiler="gcc" />
		<Build>
			<Target title="Debug">
				<Option output="bin/Debug/Standard.Algorithms" prefix_auto="1" extension_auto="1" />
				<Option object_output="obj/Debug/" />
				<Option type="1" />
				<Option compiler="gcc" />
				<Compiler>
					<Add option="-Weffc++" />
					<Add option="-pedantic" />
					<Add option="-Wextra" />
					<Add option="-m64" />
					<Add option="-g" />
					<Add option="-std=gnu++23" />
					<Add option="-march=corei7" />
					<Add option="--param destructive-interference-size=64" />
					<Add option="-fopenmp" />
					<Add option="-fconcepts-diagnostics-depth=8" />
					<Add option="-D_DEBUG=1" />
				</Compiler>
				<Linker>
					<Add option="-m64" />
					<Add option="-fuse-ld=lld" />
					<Add option="-fopenmp" />
				</Linker>
			</Target>
			<Target title="Release">
				<Option output="bin/Release/Standard.Algorithms" prefix_auto="1" extension_auto="1" />
				<Option object_output="obj/Release/" />
				<Option type="1" />
				<Option compiler="gcc" />
				<Compiler>
					<Add option="-fexpensive-optimizations" />
					<Add option="-O3" />
					<Add option="-Weffc++" />
					<Add option="-pedantic" />
					<Add option="-Wextra" />
					<Add option="-m64" />
					<Add option="-std=gnu++23" />
					<Add option="-march=corei7" />
					<Add option="--param destructive-interference-size=64" />
					<Add option="-fopenmp" />
					<Add option="-flto=auto" />
				</Compiler>
				<Linker>
					<Add option="-O3" />
					<Add option="-s" />
					<Add option="-m64" />
					<Add option="-flto=auto" />
					<Add option="-fopenmp" />
				</Linker>
			</Target>
			<Target title="ClangDebug">
				<Option output="bin/ClangDebug/Standard.Algorithms" prefix_auto="1" extension_auto="1" />
				<Option object_output="obj/ClangDebug/" />
				<Option type="1" />
				<Option compiler="clang" />
				<Compiler>
					<Add option="-m64" />
					<Add option="-pedantic" />
					<Add option="-Wall" />
					<Add option="-g" />
					<Add option="-Weffc++" />
					<Add option="-Wextra" />
					<Add option="-march=corei7" />
					<Add option="-std=gnu++2b" />
					<Add option="-fopenmp" />
					<Add option="-DLIBCXX_ENABLE_INCOMPLETE_FEATURES=ON" />
					<Add option="-D_DEBUG=1" />
				</Compiler>
				<Linker>
					<Add option="-m64" />
					<Add option="-fopenmp" />
				</Linker>
			</Target>
			<Target title="ClangRelease">
				<Option output="bin/ClangRelease/Standard.Algorithms" prefix_auto="1" extension_auto="1" />
				<Option object_output="obj/ClangRelease/" />
				<Option type="1" />
				<Option compiler="clang" />
				<Compiler>
					<Add option="-m64" />
					<Add option="-O3" />
					<Add option="-pedantic" />
					<Add option="-Wall" />
					<Add option="-Weffc++" />
					<Add option="-Wextra" />
					<Add option="-march=corei7" />
					<Add option="-std=gnu++2b" />
					<Add option="-fopenmp" />
					<Add option="-DLIBCXX_ENABLE_INCOMPLETE_FEATURES=ON" />
				</Compiler>
				<Linker>
					<Add option="-m64" />
					<Add option="-s" />
					<Add option="-fopenmp" />
				</Linker>
			</Target>
			<Target title="ClangReleaseSani">
				<Option output="bin/ClangReleaseSani/Standard.Algorithms" prefix_auto="1" extension_auto="1" />
				<Option object_output="obj/ClangReleaseSani/" />
				<Option type="1" />
				<Option compiler="clang" />
				<Compiler>
					<Add option="-m64" />
					<Add option="-O3" />
					<Add option="-pedantic" />
					<Add option="-Wall" />
					<Add option="-Weffc++" />
					<Add option="-Wextra" />
					<Add option="-march=corei7" />
					<Add option="-std=gnu++2b" />
					<Add option="-fopenmp" />
					<Add option="-fsanitize=address,undefined" />
					<Add option="-fno-omit-frame-pointer" />
					<Add option="-DLIBCXX_ENABLE_INCOMPLETE_FEATURES=ON" />
				</Compiler>
				<Linker>
					<Add option="-m64" />
					<Add option="-s" />
					<Add option="-fopenmp" />
					<Add option="-fsanitize=address,undefined" />
					<Add option="-fno-omit-frame-pointer" />
				</Linker>
			</Target>
		</Build>
		<Compiler>
			<Add option="-Wall" />
			<Add option="-fexceptions" />
		</Compiler>
		<Unit filename="Geometry/add_tests.cpp" />
		<Unit filename="Geometry/add_tests.h" />
		<Unit filename="Geometry/calc_angle_tests.cpp" />
		<Unit filename="Geometry/calc_angle_tests.h" />
		<Unit filename="Geometry/closest_pair_of_points_in_2d_plane.h" />
		<Unit filename="Geometry/closest_pair_of_points_in_2d_plane_tests.cpp" />
		<Unit filename="Geometry/closest_pair_of_points_in_2d_plane_tests.h" />
		<Unit filename="Geometry/convex_hull.h" />
		<Unit filename="Geometry/convex_hull_tests.cpp" />
		<Unit filename="Geometry/convex_hull_tests.h" />
		<Unit filename="Geometry/convex_hull_trick.h" />
		<Unit filename="Geometry/convex_hull_trick_tests.cpp" />
		<Unit filename="Geometry/convex_hull_trick_tests.h" />
		<Unit filename="Geometry/convex_min_weight_triangulation.h" />
		<Unit filename="Geometry/convex_min_weight_triangulation_tests.cpp" />
		<Unit filename="Geometry/convex_min_weight_triangulation_tests.h" />
		<Unit filename="Geometry/convex_to_point_position_tests.cpp" />
		<Unit filename="Geometry/convex_to_point_position_tests.h" />
		<Unit filename="Geometry/geometry_utilities.h" />
		<Unit filename="Geometry/is_simple_convex_polygon_tests.cpp" />
		<Unit filename="Geometry/is_simple_convex_polygon_tests.h" />
		<Unit filename="Geometry/line.h" />
		<Unit filename="Geometry/line_segment.h" />
		<Unit filename="Geometry/line_tests.cpp" />
		<Unit filename="Geometry/line_tests.h" />
		<Unit filename="Geometry/line_utilities.h" />
		<Unit filename="Geometry/min_length_2d_bitonic_tour.h" />
		<Unit filename="Geometry/min_length_2d_bitonic_tour_tests.cpp" />
		<Unit filename="Geometry/min_length_2d_bitonic_tour_tests.h" />
		<Unit filename="Geometry/point.h" />
		<Unit filename="Geometry/point_tests.cpp" />
		<Unit filename="Geometry/point_tests.h" />
		<Unit filename="Geometry/point_utilities.h" />
		<Unit filename="Geometry/rectangle2d.h" />
		<Unit filename="Geometry/rectangle_area_tests.cpp" />
		<Unit filename="Geometry/rectangle_area_tests.h" />
		<Unit filename="Geometry/rectangle_common_area.h" />
		<Unit filename="Geometry/rectangle_common_area_tests.cpp" />
		<Unit filename="Geometry/rectangle_common_area_tests.h" />
		<Unit filename="Geometry/segmented_regression.h" />
		<Unit filename="Geometry/segmented_regression_old.h" />
		<Unit filename="Geometry/segmented_regression_tests.cpp" />
		<Unit filename="Geometry/segmented_regression_tests.h" />
		<Unit filename="Geometry/simplex_method.h" />
		<Unit filename="Geometry/simplex_method_tests.cpp" />
		<Unit filename="Geometry/simplex_method_tests.h" />
		<Unit filename="Graphs/add_tests.cpp" />
		<Unit filename="Graphs/add_tests.h" />
		<Unit filename="Graphs/are_binary_trees_isomorphic.h" />
		<Unit filename="Graphs/are_trees_isomorphic.h" />
		<Unit filename="Graphs/avl_balance.h" />
		<Unit filename="Graphs/avl_node.h" />
		<Unit filename="Graphs/avl_tree.h" />
		<Unit filename="Graphs/avl_tree_base.h" />
		<Unit filename="Graphs/avl_tree_tests.cpp" />
		<Unit filename="Graphs/avl_tree_tests.h" />
		<Unit filename="Graphs/b_tree.h" />
		<Unit filename="Graphs/b_tree_node.h" />
		<Unit filename="Graphs/b_tree_tests.cpp" />
		<Unit filename="Graphs/b_tree_tests.h" />
		<Unit filename="Graphs/bellman_ford_shortest_paths.h" />
		<Unit filename="Graphs/bellman_ford_shortest_paths_tests.cpp" />
		<Unit filename="Graphs/bellman_ford_shortest_paths_tests.h" />
		<Unit filename="Graphs/binary_heap.h" />
		<Unit filename="Graphs/binary_heap_tests.cpp" />
		<Unit filename="Graphs/binary_heap_tests.h" />
		<Unit filename="Graphs/binary_indexed_tree.h" />
		<Unit filename="Graphs/binary_indexed_tree_tests.cpp" />
		<Unit filename="Graphs/binary_indexed_tree_tests.h" />
		<Unit filename="Graphs/binary_search_tree_utilities.h" />
		<Unit filename="Graphs/binary_tree_node.h" />
		<Unit filename="Graphs/binary_tree_node_with_parent.h" />
		<Unit filename="Graphs/binary_tree_serialize.h" />
		<Unit filename="Graphs/binary_tree_serialize_tests.cpp" />
		<Unit filename="Graphs/binary_tree_serialize_tests.h" />
		<Unit filename="Graphs/binary_tree_utilities.h" />
		<Unit filename="Graphs/binary_trie.h" />
		<Unit filename="Graphs/binomial_heap.h" />
		<Unit filename="Graphs/binomial_heap_tests.cpp" />
		<Unit filename="Graphs/binomial_heap_tests.h" />
		<Unit filename="Graphs/binomial_node.h" />
		<Unit filename="Graphs/boruvka_mst.h" />
		<Unit filename="Graphs/boruvka_mst_tests.cpp" />
		<Unit filename="Graphs/boruvka_mst_tests.h" />
		<Unit filename="Graphs/bridge_detector.h" />
		<Unit filename="Graphs/bridge_detector_tests.cpp" />
		<Unit filename="Graphs/bridge_detector_tests.h" />
		<Unit filename="Graphs/bst_rotate.h" />
		<Unit filename="Graphs/bst_tests.h" />
		<Unit filename="Graphs/bst_to_doubly_linked_list_tests.cpp" />
		<Unit filename="Graphs/bst_to_doubly_linked_list_tests.h" />
		<Unit filename="Graphs/bst_validate.h" />
		<Unit filename="Graphs/centroid_decomposition.h" />
		<Unit filename="Graphs/centroid_decomposition_tests.cpp" />
		<Unit filename="Graphs/centroid_decomposition_tests.h" />
		<Unit filename="Graphs/child_left_right_visit.h" />
		<Unit filename="Graphs/clique_maximum.h" />
		<Unit filename="Graphs/clique_maximum_tests.cpp" />
		<Unit filename="Graphs/clique_maximum_tests.h" />
		<Unit filename="Graphs/closest_select_update.h" />
		<Unit filename="Graphs/closest_select_update_tests.cpp" />
		<Unit filename="Graphs/closest_select_update_tests.h" />
		<Unit filename="Graphs/construct_from_distinct_numbers_tests.cpp" />
		<Unit filename="Graphs/construct_from_distinct_numbers_tests.h" />
		<Unit filename="Graphs/create_random_graph.h" />
		<Unit filename="Graphs/dag_longest_weighted_path.h" />
		<Unit filename="Graphs/dag_longest_weighted_path_tests.cpp" />
		<Unit filename="Graphs/dag_longest_weighted_path_tests.h" />
		<Unit filename="Graphs/deap.h" />
		<Unit filename="Graphs/deap_tests.cpp" />
		<Unit filename="Graphs/deap_tests.h" />
		<Unit filename="Graphs/depq_heap_tests.h" />
		<Unit filename="Graphs/detect_many_cycles.h" />
		<Unit filename="Graphs/detect_many_cycles_tests.cpp" />
		<Unit filename="Graphs/detect_many_cycles_tests.h" />
		<Unit filename="Graphs/difference_array_range_update_in_o1.h" />
		<Unit filename="Graphs/difference_array_range_update_in_o1_tests.cpp" />
		<Unit filename="Graphs/difference_array_range_update_in_o1_tests.h" />
		<Unit filename="Graphs/digraph_cycle_detector.h" />
		<Unit filename="Graphs/digraph_cycle_detector_tests.cpp" />
		<Unit filename="Graphs/digraph_cycle_detector_tests.h" />
		<Unit filename="Graphs/dijkstra.h" />
		<Unit filename="Graphs/dijkstra_tests.cpp" />
		<Unit filename="Graphs/dijkstra_tests.h" />
		<Unit filename="Graphs/dinic_flow_old.h" />
		<Unit filename="Graphs/edmonds_karp_flow.h" />
		<Unit filename="Graphs/euler_tour.h" />
		<Unit filename="Graphs/euler_tour_tests.cpp" />
		<Unit filename="Graphs/euler_tour_tests.h" />
		<Unit filename="Graphs/fib_node.h" />
		<Unit filename="Graphs/fibonacci_heap.h" />
		<Unit filename="Graphs/fibonacci_heap_tests.cpp" />
		<Unit filename="Graphs/fibonacci_heap_tests.h" />
		<Unit filename="Graphs/flow_edge.h" />
		<Unit filename="Graphs/free_tree_tests.cpp" />
		<Unit filename="Graphs/free_tree_tests.h" />
		<Unit filename="Graphs/graph.h" />
		<Unit filename="Graphs/graph_builder.h" />
		<Unit filename="Graphs/graph_girth.cpp" />
		<Unit filename="Graphs/graph_girth.h" />
		<Unit filename="Graphs/graph_girth_tests.cpp" />
		<Unit filename="Graphs/graph_girth_tests.h" />
		<Unit filename="Graphs/graph_helper.h" />
		<Unit filename="Graphs/hamiltonian_path_count.h" />
		<Unit filename="Graphs/hamiltonian_path_find.h" />
		<Unit filename="Graphs/heap_common.cpp" />
		<Unit filename="Graphs/heap_common.h" />
		<Unit filename="Graphs/heap_tests.h" />
		<Unit filename="Graphs/hungarian_matching.h" />
		<Unit filename="Graphs/hungarian_matching_tests.cpp" />
		<Unit filename="Graphs/hungarian_matching_tests.h" />
		<Unit filename="Graphs/in_order_threaded_node.h" />
		<Unit filename="Graphs/in_order_threaded_node_tests.cpp" />
		<Unit filename="Graphs/in_order_threaded_node_tests.h" />
		<Unit filename="Graphs/interval_node.h" />
		<Unit filename="Graphs/interval_tree.h" />
		<Unit filename="Graphs/interval_tree_tests.cpp" />
		<Unit filename="Graphs/interval_tree_tests.h" />
		<Unit filename="Graphs/is_bst_tests.cpp" />
		<Unit filename="Graphs/is_bst_tests.h" />
		<Unit filename="Graphs/is_graphic_degree_sequence.h" />
		<Unit filename="Graphs/is_graphic_degree_sequence_tests.cpp" />
		<Unit filename="Graphs/is_graphic_degree_sequence_tests.h" />
		<Unit filename="Graphs/is_singly_connected_graph.h" />
		<Unit filename="Graphs/is_singly_connected_graph_tests.cpp" />
		<Unit filename="Graphs/is_singly_connected_graph_tests.h" />
		<Unit filename="Graphs/is_tree_symmetrical.h" />
		<Unit filename="Graphs/is_tree_symmetrical_tests.cpp" />
		<Unit filename="Graphs/is_tree_symmetrical_tests.h" />
		<Unit filename="Graphs/jarnik_minimal_spanning_tree.h" />
		<Unit filename="Graphs/k_d_tree.h" />
		<Unit filename="Graphs/k_d_tree_tests.cpp" />
		<Unit filename="Graphs/k_d_tree_tests.h" />
		<Unit filename="Graphs/k_smallest_element.h" />
		<Unit filename="Graphs/largest_bst_size_tests.cpp" />
		<Unit filename="Graphs/largest_bst_size_tests.h" />
		<Unit filename="Graphs/least_common_ancestor.h" />
		<Unit filename="Graphs/least_common_ancestor_tests.cpp" />
		<Unit filename="Graphs/least_common_ancestor_tests.h" />
		<Unit filename="Graphs/leftist_height_biased_tree.h" />
		<Unit filename="Graphs/leftist_height_biased_tree_tests.cpp" />
		<Unit filename="Graphs/leftist_height_biased_tree_tests.h" />
		<Unit filename="Graphs/leftist_tree_base.h" />
		<Unit filename="Graphs/leftist_weight_biased_tree.h" />
		<Unit filename="Graphs/lhb_node.h" />
		<Unit filename="Graphs/light_heavy_tree_decomposition.h" />
		<Unit filename="Graphs/light_heavy_tree_decomposition_tests.cpp" />
		<Unit filename="Graphs/light_heavy_tree_decomposition_tests.h" />
		<Unit filename="Graphs/lowest_common_ancestor.h" />
		<Unit filename="Graphs/lowest_common_ancestor_offline_fast.h" />
		<Unit filename="Graphs/lowest_common_ancestor_tests.cpp" />
		<Unit filename="Graphs/lowest_common_ancestor_tests.h" />
		<Unit filename="Graphs/max_2c_matching_karzanov_hopcroft_karp.h" />
		<Unit filename="Graphs/max_2c_matching_karzanov_hopcroft_karp_tests.cpp" />
		<Unit filename="Graphs/max_2c_matching_karzanov_hopcroft_karp_tests.h" />
		<Unit filename="Graphs/max_flow_graph.h" />
		<Unit filename="Graphs/max_flow_tests.cpp" />
		<Unit filename="Graphs/max_flow_tests.h" />
		<Unit filename="Graphs/max_weight_cycle_cover.h" />
		<Unit filename="Graphs/max_weight_cycle_cover_tests.cpp" />
		<Unit filename="Graphs/max_weight_cycle_cover_tests.h" />
		<Unit filename="Graphs/min_cost_max_flow_graph.h" />
		<Unit filename="Graphs/min_cost_perfect_matching.h" />
		<Unit filename="Graphs/min_cost_perfect_matching_tests.cpp" />
		<Unit filename="Graphs/min_cost_perfect_matching_tests.h" />
		<Unit filename="Graphs/min_cut_stoer_wagner.h" />
		<Unit filename="Graphs/min_cut_stoer_wagner_tests.cpp" />
		<Unit filename="Graphs/min_cut_stoer_wagner_tests.h" />
		<Unit filename="Graphs/min_max_heap.h" />
		<Unit filename="Graphs/min_max_heap_tests.cpp" />
		<Unit filename="Graphs/min_max_heap_tests.h" />
		<Unit filename="Graphs/min_value_in_path.h" />
		<Unit filename="Graphs/min_value_in_path_tests.cpp" />
		<Unit filename="Graphs/min_value_in_path_tests.h" />
		<Unit filename="Graphs/min_weight_hamiltonian_cycle.h" />
		<Unit filename="Graphs/min_weight_hamiltonian_cycle_bb.h" />
		<Unit filename="Graphs/min_weight_hamiltonian_path.h" />
		<Unit filename="Graphs/min_weight_hamiltonian_path_tests.cpp" />
		<Unit filename="Graphs/min_weight_hamiltonian_path_tests.h" />
		<Unit filename="Graphs/minimal_spanning_tree.h" />
		<Unit filename="Graphs/minimal_spanning_tree_tests.cpp" />
		<Unit filename="Graphs/minimal_spanning_tree_tests.h" />
		<Unit filename="Graphs/minimum_set_cover.h" />
		<Unit filename="Graphs/minimum_set_cover_tests.cpp" />
		<Unit filename="Graphs/minimum_set_cover_tests.h" />
		<Unit filename="Graphs/minimum_vertex_cover.h" />
		<Unit filename="Graphs/minimum_vertex_cover_tests.cpp" />
		<Unit filename="Graphs/minimum_vertex_cover_tests.h" />
		<Unit filename="Graphs/multiset_heap_depq.h" />
		<Unit filename="Graphs/multiway_point.h" />
		<Unit filename="Graphs/multiway_search_tree_tests.cpp" />
		<Unit filename="Graphs/multiway_search_tree_tests.h" />
		<Unit filename="Graphs/next_inorder_successor_tests.cpp" />
		<Unit filename="Graphs/next_inorder_successor_tests.h" />
		<Unit filename="Graphs/one_based_index_t.h" />
		<Unit filename="Graphs/one_based_index_t_tests.cpp" />
		<Unit filename="Graphs/one_based_index_t_tests.h" />
		<Unit filename="Graphs/optimal_bst.h" />
		<Unit filename="Graphs/optimal_bst_tests.cpp" />
		<Unit filename="Graphs/optimal_bst_tests.h" />
		<Unit filename="Graphs/order_statistics_tree_slow.h" />
		<Unit filename="Graphs/order_statistics_tree_tests.cpp" />
		<Unit filename="Graphs/order_statistics_tree_tests.h" />
		<Unit filename="Graphs/page_rank.h" />
		<Unit filename="Graphs/page_rank_tests.cpp" />
		<Unit filename="Graphs/page_rank_tests.h" />
		<Unit filename="Graphs/pair_heap.h" />
		<Unit filename="Graphs/persistent_segment_tree.h" />
		<Unit filename="Graphs/persistent_segment_tree_tests.cpp" />
		<Unit filename="Graphs/persistent_segment_tree_tests.h" />
		<Unit filename="Graphs/persistent_trie.h" />
		<Unit filename="Graphs/persistent_trie_tests.cpp" />
		<Unit filename="Graphs/persistent_trie_tests.h" />
		<Unit filename="Graphs/prefix_codes.h" />
		<Unit filename="Graphs/prefix_codes_tests.cpp" />
		<Unit filename="Graphs/prefix_codes_tests.h" />
		<Unit filename="Graphs/prefix_tree.cpp" />
		<Unit filename="Graphs/prefix_tree.h" />
		<Unit filename="Graphs/prefix_tree_add_words.h" />
		<Unit filename="Graphs/prefix_tree_performance_tests.cpp" />
		<Unit filename="Graphs/prefix_tree_performance_tests.h" />
		<Unit filename="Graphs/prefix_tree_tests.cpp" />
		<Unit filename="Graphs/prefix_tree_tests.h" />
		<Unit filename="Graphs/priority_queue.h" />
		<Unit filename="Graphs/priority_queue_limited_size.h" />
		<Unit filename="Graphs/priority_queue_molodetz.h" />
		<Unit filename="Graphs/range_tree.h" />
		<Unit filename="Graphs/range_tree_tests.cpp" />
		<Unit filename="Graphs/range_tree_tests.h" />
		<Unit filename="Graphs/reconstruct_tree.h" />
		<Unit filename="Graphs/reconstruct_tree_tests.cpp" />
		<Unit filename="Graphs/reconstruct_tree_tests.h" />
		<Unit filename="Graphs/red_black_tree.h" />
		<Unit filename="Graphs/red_black_tree_tests.cpp" />
		<Unit filename="Graphs/red_black_tree_tests.h" />
		<Unit filename="Graphs/red_black_tree_validator.h" />
		<Unit filename="Graphs/reverted_segment_tree_tests.cpp" />
		<Unit filename="Graphs/reverted_segment_tree_tests.h" />
		<Unit filename="Graphs/segm_tree_sum_invert.h" />
		<Unit filename="Graphs/segm_tree_sum_invert_slow.cpp" />
		<Unit filename="Graphs/segm_tree_sum_invert_slow.h" />
		<Unit filename="Graphs/segm_tree_sum_invert_tests.cpp" />
		<Unit filename="Graphs/segm_tree_sum_invert_tests.h" />
		<Unit filename="Graphs/segment_tree.h" />
		<Unit filename="Graphs/segment_tree_add_bool.h" />
		<Unit filename="Graphs/segment_tree_add_bool_tests.cpp" />
		<Unit filename="Graphs/segment_tree_add_bool_tests.h" />
		<Unit filename="Graphs/segment_tree_add_sum.h" />
		<Unit filename="Graphs/segment_tree_assign_sum.h" />
		<Unit filename="Graphs/segment_tree_get_max_add_range.h" />
		<Unit filename="Graphs/segment_tree_lazy.h" />
		<Unit filename="Graphs/segment_tree_lazy_tests.cpp" />
		<Unit filename="Graphs/segment_tree_lazy_tests.h" />
		<Unit filename="Graphs/segment_tree_max.h" />
		<Unit filename="Graphs/segment_tree_reverted.h" />
		<Unit filename="Graphs/segment_tree_tests.cpp" />
		<Unit filename="Graphs/segment_tree_tests.h" />
		<Unit filename="Graphs/shortest_path_linear_programming.h" />
		<Unit filename="Graphs/simple_binary_lca.h" />
		<Unit filename="Graphs/simple_cycle_count.h" />
		<Unit filename="Graphs/simple_path_count.h" />
		<Unit filename="Graphs/skip_list.h" />
		<Unit filename="Graphs/skip_list_tests.cpp" />
		<Unit filename="Graphs/skip_list_tests.h" />
		<Unit filename="Graphs/sparse_graph.h" />
		<Unit filename="Graphs/sparse_graph_tests.cpp" />
		<Unit filename="Graphs/sparse_graph_tests.h" />
		<Unit filename="Graphs/splay_tree.h" />
		<Unit filename="Graphs/splay_tree_tests.cpp" />
		<Unit filename="Graphs/splay_tree_tests.h" />
		<Unit filename="Graphs/stable_matching.h" />
		<Unit filename="Graphs/stable_matching_tests.cpp" />
		<Unit filename="Graphs/stable_matching_tests.h" />
		<Unit filename="Graphs/suffix_tree.cpp" />
		<Unit filename="Graphs/suffix_tree.h" />
		<Unit filename="Graphs/suffix_tree_tests.cpp" />
		<Unit filename="Graphs/suffix_tree_tests.h" />
		<Unit filename="Graphs/tarjan_scc.cpp" />
		<Unit filename="Graphs/tarjan_scc.h" />
		<Unit filename="Graphs/tarjan_scc_tests.cpp" />
		<Unit filename="Graphs/tarjan_scc_tests.h" />
		<Unit filename="Graphs/test_node_utilities.h" />
		<Unit filename="Graphs/topological_sort.h" />
		<Unit filename="Graphs/topological_sort_tests.cpp" />
		<Unit filename="Graphs/topological_sort_tests.h" />
		<Unit filename="Graphs/treap.h" />
		<Unit filename="Graphs/treap_tests.cpp" />
		<Unit filename="Graphs/treap_tests.h" />
		<Unit filename="Graphs/tree_longest_path.h" />
		<Unit filename="Graphs/tree_longest_path_tests.cpp" />
		<Unit filename="Graphs/tree_longest_path_tests.h" />
		<Unit filename="Graphs/tree_utilities.h" />
		<Unit filename="Graphs/trie_map.h" />
		<Unit filename="Graphs/trie_map_tests.cpp" />
		<Unit filename="Graphs/trie_map_tests.h" />
		<Unit filename="Graphs/van_emde_boas_tree.h" />
		<Unit filename="Graphs/van_emde_boas_tree_tests.cpp" />
		<Unit filename="Graphs/van_emde_boas_tree_tests.h" />
		<Unit filename="Graphs/vertex_utilities.h" />
		<Unit filename="Graphs/weighted_vertex.h" />
		<Unit filename="Graphs/work_critical_path.cpp" />
		<Unit filename="Graphs/work_critical_path.h" />
		<Unit filename="Graphs/work_critical_path_tests.cpp" />
		<Unit filename="Graphs/work_critical_path_tests.h" />
		<Unit filename="Numbers/add_tests.cpp" />
		<Unit filename="Numbers/add_tests.h" />
		<Unit filename="Numbers/adjacent_divide_permutation.cpp" />
		<Unit filename="Numbers/adjacent_divide_permutation.h" />
		<Unit filename="Numbers/adjacent_divide_permutation_tests.cpp" />
		<Unit filename="Numbers/adjacent_divide_permutation_tests.h" />
		<Unit filename="Numbers/all_pairs_gcd_sum.h" />
		<Unit filename="Numbers/all_pairs_gcd_sum_tests.cpp" />
		<Unit filename="Numbers/all_pairs_gcd_sum_tests.h" />
		<Unit filename="Numbers/arithmetic.h" />
		<Unit filename="Numbers/arithmetic_exception.h" />
		<Unit filename="Numbers/arithmetic_tests.cpp" />
		<Unit filename="Numbers/arithmetic_tests.h" />
		<Unit filename="Numbers/array_concatenate_min.h" />
		<Unit filename="Numbers/array_concatenate_min_tests.cpp" />
		<Unit filename="Numbers/array_concatenate_min_tests.h" />
		<Unit filename="Numbers/array_inversion_count.h" />
		<Unit filename="Numbers/array_inversion_count_tests.cpp" />
		<Unit filename="Numbers/array_inversion_count_tests.h" />
		<Unit filename="Numbers/array_is_cycle.h" />
		<Unit filename="Numbers/array_is_cycle_tests.cpp" />
		<Unit filename="Numbers/array_is_cycle_tests.h" />
		<Unit filename="Numbers/array_item_count_over_half_majority_vote.h" />
		<Unit filename="Numbers/array_items_counting_over_times.h" />
		<Unit filename="Numbers/array_items_counting_over_times_tests.cpp" />
		<Unit filename="Numbers/array_items_counting_over_times_tests.h" />
		<Unit filename="Numbers/array_max_xor_two_elements.h" />
		<Unit filename="Numbers/array_max_xor_two_elements_tests.cpp" />
		<Unit filename="Numbers/array_max_xor_two_elements_tests.h" />
		<Unit filename="Numbers/array_min_moves_make_non_decreasing.h" />
		<Unit filename="Numbers/array_min_moves_make_non_decreasing_tests.cpp" />
		<Unit filename="Numbers/array_min_moves_make_non_decreasing_tests.h" />
		<Unit filename="Numbers/array_min_moves_zero_sum.h" />
		<Unit filename="Numbers/array_min_moves_zero_sum_tests.cpp" />
		<Unit filename="Numbers/array_min_moves_zero_sum_tests.h" />
		<Unit filename="Numbers/array_product_dividing_current_index.h" />
		<Unit filename="Numbers/array_product_dividing_current_index_tests.cpp" />
		<Unit filename="Numbers/array_product_dividing_current_index_tests.h" />
		<Unit filename="Numbers/array_utilities.h" />
		<Unit filename="Numbers/array_utilities_tests.cpp" />
		<Unit filename="Numbers/array_utilities_tests.h" />
		<Unit filename="Numbers/bernoulli.h" />
		<Unit filename="Numbers/binary_search.h" />
		<Unit filename="Numbers/bit_array.cpp" />
		<Unit filename="Numbers/bit_array.h" />
		<Unit filename="Numbers/bit_fields_tests.cpp" />
		<Unit filename="Numbers/bit_fields_tests.h" />
		<Unit filename="Numbers/bit_set.cpp" />
		<Unit filename="Numbers/bit_set.h" />
		<Unit filename="Numbers/bit_utilities.h" />
		<Unit filename="Numbers/bit_utilities_tests.cpp" />
		<Unit filename="Numbers/bit_utilities_tests.h" />
		<Unit filename="Numbers/catalan_modulo.h" />
		<Unit filename="Numbers/catalan_modulo_tests.cpp" />
		<Unit filename="Numbers/catalan_modulo_tests.h" />
		<Unit filename="Numbers/chain_hash_table.h" />
		<Unit filename="Numbers/chain_hash_table_tests.cpp" />
		<Unit filename="Numbers/chain_hash_table_tests.h" />
		<Unit filename="Numbers/cheapest_production_plan.h" />
		<Unit filename="Numbers/cheapest_production_plan_tests.cpp" />
		<Unit filename="Numbers/cheapest_production_plan_tests.h" />
		<Unit filename="Numbers/chinese_remainder_garner.h" />
		<Unit filename="Numbers/chinese_remainder_garner_tests.cpp" />
		<Unit filename="Numbers/chinese_remainder_garner_tests.h" />
		<Unit filename="Numbers/cluster_size_validate.h" />
		<Unit filename="Numbers/code_generator_calculator.h" />
		<Unit filename="Numbers/coin_change_count.h" />
		<Unit filename="Numbers/coin_change_count_tests.cpp" />
		<Unit filename="Numbers/coin_change_count_tests.h" />
		<Unit filename="Numbers/coin_line_max_sum.h" />
		<Unit filename="Numbers/coin_line_max_sum_tests.cpp" />
		<Unit filename="Numbers/coin_line_max_sum_tests.h" />
		<Unit filename="Numbers/color_2bit.h" />
		<Unit filename="Numbers/compression_simple.h" />
		<Unit filename="Numbers/compression_simple_tests.cpp" />
		<Unit filename="Numbers/compression_simple_tests.h" />
		<Unit filename="Numbers/count_add_sub_put_parentheses_distinct.h" />
		<Unit filename="Numbers/count_add_sub_put_parentheses_distinct_tests.cpp" />
		<Unit filename="Numbers/count_add_sub_put_parentheses_distinct_tests.h" />
		<Unit filename="Numbers/count_arrays_different_adjacent_same_1n.h" />
		<Unit filename="Numbers/count_arrays_different_adjacent_same_1n_tests.cpp" />
		<Unit filename="Numbers/count_arrays_different_adjacent_same_1n_tests.h" />
		<Unit filename="Numbers/count_catalan_braces.h" />
		<Unit filename="Numbers/count_catalan_braces_tests.cpp" />
		<Unit filename="Numbers/count_catalan_braces_tests.h" />
		<Unit filename="Numbers/count_linear_equation_solutions.h" />
		<Unit filename="Numbers/count_linear_equation_solutions_tests.cpp" />
		<Unit filename="Numbers/count_linear_equation_solutions_tests.h" />
		<Unit filename="Numbers/count_partitions.h" />
		<Unit filename="Numbers/count_partitions_tests.cpp" />
		<Unit filename="Numbers/count_partitions_tests.h" />
		<Unit filename="Numbers/count_subset_with_product.h" />
		<Unit filename="Numbers/count_subset_with_product_tests.cpp" />
		<Unit filename="Numbers/count_subset_with_product_tests.h" />
		<Unit filename="Numbers/count_unique_20_choices_of_100_pets.h" />
		<Unit filename="Numbers/count_unique_20_choices_of_100_pets_tests.cpp" />
		<Unit filename="Numbers/count_unique_20_choices_of_100_pets_tests.h" />
		<Unit filename="Numbers/count_xor_subsets.h" />
		<Unit filename="Numbers/count_xor_subsets_tests.cpp" />
		<Unit filename="Numbers/count_xor_subsets_tests.h" />
		<Unit filename="Numbers/cross_point_two_incr_decr_lines.h" />
		<Unit filename="Numbers/cross_point_two_incr_decr_lines_tests.cpp" />
		<Unit filename="Numbers/cross_point_two_incr_decr_lines_tests.h" />
		<Unit filename="Numbers/cuckoo_hash_table.h" />
		<Unit filename="Numbers/cuckoo_hash_table_tests.cpp" />
		<Unit filename="Numbers/cuckoo_hash_table_tests.h" />
		<Unit filename="Numbers/default_modulus.h" />
		<Unit filename="Numbers/del_min_side_items_2min_gt_max.h" />
		<Unit filename="Numbers/del_min_side_items_2min_gt_max_tests.cpp" />
		<Unit filename="Numbers/del_min_side_items_2min_gt_max_tests.h" />
		<Unit filename="Numbers/dice_counts.h" />
		<Unit filename="Numbers/dice_counts_tests.cpp" />
		<Unit filename="Numbers/dice_counts_tests.h" />
		<Unit filename="Numbers/digit_and_sum_of_ab.h" />
		<Unit filename="Numbers/digit_and_sum_of_ab_tests.cpp" />
		<Unit filename="Numbers/digit_and_sum_of_ab_tests.h" />
		<Unit filename="Numbers/digit_max.h" />
		<Unit filename="Numbers/digit_product_count.h" />
		<Unit filename="Numbers/digit_product_count_tests.cpp" />
		<Unit filename="Numbers/digit_product_count_tests.h" />
		<Unit filename="Numbers/digit_sum.h" />
		<Unit filename="Numbers/digit_sum_no0_divisible.h" />
		<Unit filename="Numbers/digit_sum_no0_divisible_tests.cpp" />
		<Unit filename="Numbers/digit_sum_no0_divisible_tests.h" />
		<Unit filename="Numbers/digit_sum_robot_in_grid.h" />
		<Unit filename="Numbers/digit_sum_robot_in_grid_tests.cpp" />
		<Unit filename="Numbers/digit_sum_robot_in_grid_tests.h" />
		<Unit filename="Numbers/digit_sum_tests.cpp" />
		<Unit filename="Numbers/digit_sum_tests.h" />
		<Unit filename="Numbers/digita.h" />
		<Unit filename="Numbers/disjoint_set.h" />
		<Unit filename="Numbers/disjoint_set_print_tests.cpp" />
		<Unit filename="Numbers/disjoint_set_print_tests.h" />
		<Unit filename="Numbers/disjoint_set_tests.cpp" />
		<Unit filename="Numbers/disjoint_set_tests.h" />
		<Unit filename="Numbers/distinct_items_in_range.h" />
		<Unit filename="Numbers/distinct_items_in_range_tests.cpp" />
		<Unit filename="Numbers/distinct_items_in_range_tests.h" />
		<Unit filename="Numbers/drop_floor.h" />
		<Unit filename="Numbers/drop_floor_tests.cpp" />
		<Unit filename="Numbers/drop_floor_tests.h" />
		<Unit filename="Numbers/dutch_flag_split.h" />
		<Unit filename="Numbers/elevator_min_moves.cpp" />
		<Unit filename="Numbers/elevator_min_moves.h" />
		<Unit filename="Numbers/elevator_min_moves_tests.cpp" />
		<Unit filename="Numbers/elevator_min_moves_tests.h" />
		<Unit filename="Numbers/enum_catalan_braces.h" />
		<Unit filename="Numbers/enum_catalan_braces_tests.cpp" />
		<Unit filename="Numbers/enum_catalan_braces_tests.h" />
		<Unit filename="Numbers/enumerate_choose.h" />
		<Unit filename="Numbers/enumerate_choose_tests.cpp" />
		<Unit filename="Numbers/enumerate_choose_tests.h" />
		<Unit filename="Numbers/enumerate_partitions.h" />
		<Unit filename="Numbers/enumerate_partitions_tests.cpp" />
		<Unit filename="Numbers/enumerate_partitions_tests.h" />
		<Unit filename="Numbers/eratosthenes_sieve.h" />
		<Unit filename="Numbers/eratosthenes_sieve_cache.cpp" />
		<Unit filename="Numbers/eratosthenes_sieve_cache.h" />
		<Unit filename="Numbers/eratosthenes_sieve_tests.cpp" />
		<Unit filename="Numbers/eratosthenes_sieve_tests.h" />
		<Unit filename="Numbers/even_begin_odd_end_permute.h" />
		<Unit filename="Numbers/even_begin_odd_end_permute_tests.cpp" />
		<Unit filename="Numbers/even_begin_odd_end_permute_tests.h" />
		<Unit filename="Numbers/factorials_cached.h" />
		<Unit filename="Numbers/factoring_utilities.h" />
		<Unit filename="Numbers/fast_fourier_transform.h" />
		<Unit filename="Numbers/fast_fourier_transform_tests.cpp" />
		<Unit filename="Numbers/fast_fourier_transform_tests.h" />
		<Unit filename="Numbers/fib3.h" />
		<Unit filename="Numbers/fib3_tests.cpp" />
		<Unit filename="Numbers/fib3_tests.h" />
		<Unit filename="Numbers/fibonacci.h" />
		<Unit filename="Numbers/fibonacci_tests.cpp" />
		<Unit filename="Numbers/fibonacci_tests.h" />
		<Unit filename="Numbers/find_sorted_2d_matrix.h" />
		<Unit filename="Numbers/find_sorted_2d_matrix_tests.cpp" />
		<Unit filename="Numbers/find_sorted_2d_matrix_tests.h" />
		<Unit filename="Numbers/find_string_pattern_in_2d_array.cpp" />
		<Unit filename="Numbers/find_string_pattern_in_2d_array.h" />
		<Unit filename="Numbers/find_string_pattern_in_2d_array_tests.cpp" />
		<Unit filename="Numbers/find_string_pattern_in_2d_array_tests.h" />
		<Unit filename="Numbers/find_two_repeating_distinct_items.h" />
		<Unit filename="Numbers/find_two_repeating_distinct_items_tests.cpp" />
		<Unit filename="Numbers/find_two_repeating_distinct_items_tests.h" />
		<Unit filename="Numbers/fraction.h" />
		<Unit filename="Numbers/fractional_cascading.h" />
		<Unit filename="Numbers/fractional_cascading_tests.cpp" />
		<Unit filename="Numbers/fractional_cascading_tests.h" />
		<Unit filename="Numbers/gaussian_elimination.h" />
		<Unit filename="Numbers/gaussian_elimination_tests.cpp" />
		<Unit filename="Numbers/gaussian_elimination_tests.h" />
		<Unit filename="Numbers/gcd.h" />
		<Unit filename="Numbers/gerry_mandering.cpp" />
		<Unit filename="Numbers/gerry_mandering.h" />
		<Unit filename="Numbers/gerry_mandering_tests.cpp" />
		<Unit filename="Numbers/gerry_mandering_tests.h" />
		<Unit filename="Numbers/greatest_rectangle_in_histogram.h" />
		<Unit filename="Numbers/greatest_rectangle_in_histogram_tests.cpp" />
		<Unit filename="Numbers/greatest_rectangle_in_histogram_tests.h" />
		<Unit filename="Numbers/hash_function.h" />
		<Unit filename="Numbers/hash_table_simple_tests.h" />
		<Unit filename="Numbers/hash_utilities.h" />
		<Unit filename="Numbers/hash_utilities_tests.cpp" />
		<Unit filename="Numbers/hash_utilities_tests.h" />
		<Unit filename="Numbers/hash_vector.h" />
		<Unit filename="Numbers/hashed_bit_array.cpp" />
		<Unit filename="Numbers/hashed_bit_array.h" />
		<Unit filename="Numbers/hashed_bit_array_tests.cpp" />
		<Unit filename="Numbers/hashed_bit_array_tests.h" />
		<Unit filename="Numbers/hashed_bit_array_utility.cpp" />
		<Unit filename="Numbers/hashed_bit_array_utility.h" />
		<Unit filename="Numbers/hierarchical_clustering.h" />
		<Unit filename="Numbers/hierarchical_clustering_tests.cpp" />
		<Unit filename="Numbers/hierarchical_clustering_tests.h" />
		<Unit filename="Numbers/identity.h" />
		<Unit filename="Numbers/inclusion_exclusion.h" />
		<Unit filename="Numbers/inclusion_exclusion_tests.cpp" />
		<Unit filename="Numbers/inclusion_exclusion_tests.h" />
		<Unit filename="Numbers/index_of_catalan_braces.h" />
		<Unit filename="Numbers/inplace_merge.h" />
		<Unit filename="Numbers/interpolation_search.h" />
		<Unit filename="Numbers/interpolation_search_tests.cpp" />
		<Unit filename="Numbers/interpolation_search_tests.h" />
		<Unit filename="Numbers/is_push_pop_stack_sequence.h" />
		<Unit filename="Numbers/is_push_pop_stack_sequence_tests.cpp" />
		<Unit filename="Numbers/is_push_pop_stack_sequence_tests.h" />
		<Unit filename="Numbers/is_within_tests.cpp" />
		<Unit filename="Numbers/is_within_tests.h" />
		<Unit filename="Numbers/join_to_set.h" />
		<Unit filename="Numbers/key_only_compare.h" />
		<Unit filename="Numbers/key_only_compare_tests.cpp" />
		<Unit filename="Numbers/knapsack_dynamo.h" />
		<Unit filename="Numbers/knapsack_dynamo_tests.cpp" />
		<Unit filename="Numbers/knapsack_dynamo_tests.h" />
		<Unit filename="Numbers/knight_chess.h" />
		<Unit filename="Numbers/knight_chess_tests.h" />
		<Unit filename="Numbers/knight_min_moves.h" />
		<Unit filename="Numbers/knight_min_moves_tests.cpp" />
		<Unit filename="Numbers/knight_min_moves_tests.h" />
		<Unit filename="Numbers/linear_probing_hash_table.h" />
		<Unit filename="Numbers/linear_probing_hash_table_tests.cpp" />
		<Unit filename="Numbers/linear_probing_hash_table_tests.h" />
		<Unit filename="Numbers/local_minimum.h" />
		<Unit filename="Numbers/local_minimum_tests.cpp" />
		<Unit filename="Numbers/local_minimum_tests.h" />
		<Unit filename="Numbers/logarithm.h" />
		<Unit filename="Numbers/logarithm_tests.cpp" />
		<Unit filename="Numbers/logarithm_tests.h" />
		<Unit filename="Numbers/longest_alternative_subsequence.h" />
		<Unit filename="Numbers/longest_alternative_subsequence_tests.cpp" />
		<Unit filename="Numbers/longest_alternative_subsequence_tests.h" />
		<Unit filename="Numbers/longest_arithmetic_progression_in_sorted.h" />
		<Unit filename="Numbers/longest_arithmetic_progression_in_sorted_tests.cpp" />
		<Unit filename="Numbers/longest_arithmetic_progression_in_sorted_tests.h" />
		<Unit filename="Numbers/longest_increasing_subsequence.h" />
		<Unit filename="Numbers/longest_increasing_subsequence_tests.cpp" />
		<Unit filename="Numbers/longest_increasing_subsequence_tests.h" />
		<Unit filename="Numbers/longest_int.h" />
		<Unit filename="Numbers/match_same_from_sorted.h" />
		<Unit filename="Numbers/matrix.h" />
		<Unit filename="Numbers/matrix_antidiagonal.h" />
		<Unit filename="Numbers/matrix_antidiagonal_tests.cpp" />
		<Unit filename="Numbers/matrix_antidiagonal_tests.h" />
		<Unit filename="Numbers/matrix_determinant.h" />
		<Unit filename="Numbers/matrix_determinant_tests.cpp" />
		<Unit filename="Numbers/matrix_determinant_tests.h" />
		<Unit filename="Numbers/matrix_inverse.h" />
		<Unit filename="Numbers/matrix_inverse_tests.cpp" />
		<Unit filename="Numbers/matrix_inverse_tests.h" />
		<Unit filename="Numbers/matrix_transpose.h" />
		<Unit filename="Numbers/matrix_utilities_tests.cpp" />
		<Unit filename="Numbers/matrix_utilities_tests.h" />
		<Unit filename="Numbers/max_contiguous_sum_removing_most_m.h" />
		<Unit filename="Numbers/max_contiguous_sum_removing_most_m_tests.cpp" />
		<Unit filename="Numbers/max_contiguous_sum_removing_most_m_tests.h" />
		<Unit filename="Numbers/max_difference_two_items.h" />
		<Unit filename="Numbers/max_difference_two_items_tests.cpp" />
		<Unit filename="Numbers/max_difference_two_items_tests.h" />
		<Unit filename="Numbers/max_gcd_pair_in_array.h" />
		<Unit filename="Numbers/max_gcd_pair_in_array_tests.cpp" />
		<Unit filename="Numbers/max_gcd_pair_in_array_tests.h" />
		<Unit filename="Numbers/max_in_sliding_window.h" />
		<Unit filename="Numbers/max_in_sliding_window_tests.cpp" />
		<Unit filename="Numbers/max_in_sliding_window_tests.h" />
		<Unit filename="Numbers/max_index_difference_two_items.h" />
		<Unit filename="Numbers/max_index_difference_two_items_tests.cpp" />
		<Unit filename="Numbers/max_index_difference_two_items_tests.h" />
		<Unit filename="Numbers/max_probability.h" />
		<Unit filename="Numbers/max_sub_matrix_in_2d_matrix.h" />
		<Unit filename="Numbers/max_sub_matrix_in_2d_matrix_tests.cpp" />
		<Unit filename="Numbers/max_sub_matrix_in_2d_matrix_tests.h" />
		<Unit filename="Numbers/max_sum_increasing_subsequence.h" />
		<Unit filename="Numbers/max_sum_increasing_subsequence_tests.cpp" />
		<Unit filename="Numbers/max_sum_increasing_subsequence_tests.h" />
		<Unit filename="Numbers/max_sum_non_decreasing_subsequence.h" />
		<Unit filename="Numbers/max_sum_non_decreasing_subsequence_tests.cpp" />
		<Unit filename="Numbers/max_sum_non_decreasing_subsequence_tests.h" />
		<Unit filename="Numbers/maximum_currency_speculation.h" />
		<Unit filename="Numbers/maximum_currency_speculation_tests.cpp" />
		<Unit filename="Numbers/maximum_currency_speculation_tests.h" />
		<Unit filename="Numbers/maximum_share_speculation.h" />
		<Unit filename="Numbers/maximum_share_speculation_tests.cpp" />
		<Unit filename="Numbers/maximum_share_speculation_tests.h" />
		<Unit filename="Numbers/mean_clustering.h" />
		<Unit filename="Numbers/mean_clustering_tests.cpp" />
		<Unit filename="Numbers/mean_clustering_tests.h" />
		<Unit filename="Numbers/median_selection.h" />
		<Unit filename="Numbers/median_selection_tests.cpp" />
		<Unit filename="Numbers/median_selection_tests.h" />
		<Unit filename="Numbers/merge.h" />
		<Unit filename="Numbers/merge_sort.h" />
		<Unit filename="Numbers/merge_tests.cpp" />
		<Unit filename="Numbers/merge_tests.h" />
		<Unit filename="Numbers/min_cut_paste_to_sort_permutation.h" />
		<Unit filename="Numbers/min_cut_paste_to_sort_permutation_tests.cpp" />
		<Unit filename="Numbers/min_cut_paste_to_sort_permutation_tests.h" />
		<Unit filename="Numbers/min_merges_get_all_binary_1.h" />
		<Unit filename="Numbers/min_merges_get_all_binary_1_tests.cpp" />
		<Unit filename="Numbers/min_merges_get_all_binary_1_tests.h" />
		<Unit filename="Numbers/min_perm_block_deletions.h" />
		<Unit filename="Numbers/min_perm_block_deletions_tests.cpp" />
		<Unit filename="Numbers/min_perm_block_deletions_tests.h" />
		<Unit filename="Numbers/min_stick_cuts.h" />
		<Unit filename="Numbers/min_stick_cuts_tests.cpp" />
		<Unit filename="Numbers/min_stick_cuts_tests.h" />
		<Unit filename="Numbers/min_sum_array_to1_replacing_consecutive_by_sum.h" />
		<Unit filename="Numbers/min_sum_array_to1_replacing_consecutive_by_sum_tests.cpp" />
		<Unit filename="Numbers/min_sum_array_to1_replacing_consecutive_by_sum_tests.h" />
		<Unit filename="Numbers/min_swaps_between_permutations.h" />
		<Unit filename="Numbers/min_swaps_between_permutations_tests.cpp" />
		<Unit filename="Numbers/min_swaps_between_permutations_tests.h" />
		<Unit filename="Numbers/min_three_tests.cpp" />
		<Unit filename="Numbers/min_three_tests.h" />
		<Unit filename="Numbers/min_time_array_abs_dif_sum.h" />
		<Unit filename="Numbers/min_time_array_abs_dif_sum_tests.cpp" />
		<Unit filename="Numbers/min_time_array_abs_dif_sum_tests.h" />
		<Unit filename="Numbers/min_time_copy_books.h" />
		<Unit filename="Numbers/min_time_copy_books_tests.cpp" />
		<Unit filename="Numbers/min_time_copy_books_tests.h" />
		<Unit filename="Numbers/minimum_moves_to_sort.h" />
		<Unit filename="Numbers/minimum_moves_to_sort_tests.cpp" />
		<Unit filename="Numbers/minimum_moves_to_sort_tests.h" />
		<Unit filename="Numbers/mo.h" />
		<Unit filename="Numbers/mobius_binary_sequence_period.h" />
		<Unit filename="Numbers/mobius_binary_sequence_period_tests.cpp" />
		<Unit filename="Numbers/mobius_binary_sequence_period_tests.h" />
		<Unit filename="Numbers/modulo_inverse.h" />
		<Unit filename="Numbers/modulo_linear_equation.h" />
		<Unit filename="Numbers/modulo_linear_equation_tests.cpp" />
		<Unit filename="Numbers/modulo_linear_equation_tests.h" />
		<Unit filename="Numbers/most_recent_used_cache.h" />
		<Unit filename="Numbers/most_recent_used_cache_tests.cpp" />
		<Unit filename="Numbers/most_recent_used_cache_tests.h" />
		<Unit filename="Numbers/move_to_front_encoding.h" />
		<Unit filename="Numbers/move_to_front_encoding_tests.cpp" />
		<Unit filename="Numbers/move_to_front_encoding_tests.h" />
		<Unit filename="Numbers/next_greater_element.h" />
		<Unit filename="Numbers/next_greater_element_tests.cpp" />
		<Unit filename="Numbers/next_greater_element_tests.h" />
		<Unit filename="Numbers/normalization.h" />
		<Unit filename="Numbers/normalization_tests.cpp" />
		<Unit filename="Numbers/normalization_tests.h" />
		<Unit filename="Numbers/number_comparer.h" />
		<Unit filename="Numbers/number_comparer_tests.cpp" />
		<Unit filename="Numbers/number_comparer_tests.h" />
		<Unit filename="Numbers/number_mod.h" />
		<Unit filename="Numbers/number_mod_tests.cpp" />
		<Unit filename="Numbers/number_mod_tests.h" />
		<Unit filename="Numbers/number_splitter.h" />
		<Unit filename="Numbers/number_splitter_tests.cpp" />
		<Unit filename="Numbers/number_splitter_tests.h" />
		<Unit filename="Numbers/number_utilities.h" />
		<Unit filename="Numbers/number_utilities_tests.cpp" />
		<Unit filename="Numbers/number_utilities_tests.h" />
		<Unit filename="Numbers/occurrences_in_sorted_array.h" />
		<Unit filename="Numbers/occurrences_in_sorted_array_tests.cpp" />
		<Unit filename="Numbers/occurrences_in_sorted_array_tests.h" />
		<Unit filename="Numbers/offline_min.h" />
		<Unit filename="Numbers/offline_min_tests.cpp" />
		<Unit filename="Numbers/offline_min_tests.h" />
		<Unit filename="Numbers/one_time_queue.h" />
		<Unit filename="Numbers/one_time_queue_tests.cpp" />
		<Unit filename="Numbers/one_time_queue_tests.h" />
		<Unit filename="Numbers/perfect_hash_table.h" />
		<Unit filename="Numbers/perfect_hash_table_tests.cpp" />
		<Unit filename="Numbers/perfect_hash_table_tests.h" />
		<Unit filename="Numbers/permutation.h" />
		<Unit filename="Numbers/permutation_tests.cpp" />
		<Unit filename="Numbers/permutation_tests.h" />
		<Unit filename="Numbers/polynomial_all_derivatives.h" />
		<Unit filename="Numbers/polynomial_all_derivatives_tests.cpp" />
		<Unit filename="Numbers/polynomial_all_derivatives_tests.h" />
		<Unit filename="Numbers/polynomial_multiplier.h" />
		<Unit filename="Numbers/power_root.h" />
		<Unit filename="Numbers/power_root_tests.cpp" />
		<Unit filename="Numbers/power_root_tests.h" />
		<Unit filename="Numbers/power_sum.h" />
		<Unit filename="Numbers/power_sum_tests.cpp" />
		<Unit filename="Numbers/power_sum_tests.h" />
		<Unit filename="Numbers/prefix_sum.h" />
		<Unit filename="Numbers/prefix_sum_tests.cpp" />
		<Unit filename="Numbers/prefix_sum_tests.h" />
		<Unit filename="Numbers/prime_number_utility.h" />
		<Unit filename="Numbers/prime_number_utility_tests.cpp" />
		<Unit filename="Numbers/prime_number_utility_tests.h" />
		<Unit filename="Numbers/primitive_root.h" />
		<Unit filename="Numbers/primitive_root_tests.cpp" />
		<Unit filename="Numbers/primitive_root_tests.h" />
		<Unit filename="Numbers/print_frequencies_in_editable_array.h" />
		<Unit filename="Numbers/print_frequencies_in_editable_array_tests.cpp" />
		<Unit filename="Numbers/print_frequencies_in_editable_array_tests.h" />
		<Unit filename="Numbers/product_lines_knapsack.h" />
		<Unit filename="Numbers/product_lines_knapsack_tests.cpp" />
		<Unit filename="Numbers/product_lines_knapsack_tests.h" />
		<Unit filename="Numbers/public_key_crypto.h" />
		<Unit filename="Numbers/public_key_crypto_tests.cpp" />
		<Unit filename="Numbers/public_key_crypto_tests.h" />
		<Unit filename="Numbers/quadratic_residue.h" />
		<Unit filename="Numbers/quadratic_residue_tests.cpp" />
		<Unit filename="Numbers/quadratic_residue_tests.h" />
		<Unit filename="Numbers/quick_select_kth_smallest.h" />
		<Unit filename="Numbers/quick_select_kth_smallest_tests.cpp" />
		<Unit filename="Numbers/quick_select_kth_smallest_tests.h" />
		<Unit filename="Numbers/quick_sort.h" />
		<Unit filename="Numbers/random_not_degenerator.h" />
		<Unit filename="Numbers/random_not_degenerator_tests.cpp" />
		<Unit filename="Numbers/random_not_degenerator_tests.h" />
		<Unit filename="Numbers/report_differences.h" />
		<Unit filename="Numbers/report_differences_tests.cpp" />
		<Unit filename="Numbers/report_differences_tests.h" />
		<Unit filename="Numbers/require_same_ranks.h" />
		<Unit filename="Numbers/require_same_ranks_tests.cpp" />
		<Unit filename="Numbers/require_same_ranks_tests.h" />
		<Unit filename="Numbers/shift.h" />
		<Unit filename="Numbers/smawk_find_row_mins_in_tot_monotone_matrix.h" />
		<Unit filename="Numbers/smawk_find_row_mins_in_tot_monotone_matrix_tests.cpp" />
		<Unit filename="Numbers/smawk_find_row_mins_in_tot_monotone_matrix_tests.h" />
		<Unit filename="Numbers/sort.h" />
		<Unit filename="Numbers/sort_tests.cpp" />
		<Unit filename="Numbers/sort_tests.h" />
		<Unit filename="Numbers/sorted_array_three_element_sum.h" />
		<Unit filename="Numbers/sorted_array_three_element_sum_tests.cpp" />
		<Unit filename="Numbers/sorted_array_three_element_sum_tests.h" />
		<Unit filename="Numbers/sorted_array_two_element_sum.h" />
		<Unit filename="Numbers/sorted_array_two_element_sum_tests.cpp" />
		<Unit filename="Numbers/sorted_array_two_element_sum_tests.h" />
		<Unit filename="Numbers/sorted_arrays_median_element.h" />
		<Unit filename="Numbers/sorted_arrays_median_element_tests.cpp" />
		<Unit filename="Numbers/sorted_arrays_median_element_tests.h" />
		<Unit filename="Numbers/span.h" />
		<Unit filename="Numbers/span_tests.cpp" />
		<Unit filename="Numbers/span_tests.h" />
		<Unit filename="Numbers/sparse_table_log_and_size_validate.h" />
		<Unit filename="Numbers/sparse_table_min.h" />
		<Unit filename="Numbers/sparse_table_min_tests.cpp" />
		<Unit filename="Numbers/sparse_table_min_tests.h" />
		<Unit filename="Numbers/sparse_table_range_min_query_2d.h" />
		<Unit filename="Numbers/sparse_table_range_min_query_2d_tests.cpp" />
		<Unit filename="Numbers/sparse_table_range_min_query_2d_tests.h" />
		<Unit filename="Numbers/stack_and_min.h" />
		<Unit filename="Numbers/stack_and_min_simple.h" />
		<Unit filename="Numbers/stack_and_min_simple_tests.cpp" />
		<Unit filename="Numbers/stack_and_min_simple_tests.h" />
		<Unit filename="Numbers/stack_and_min_tests.cpp" />
		<Unit filename="Numbers/stack_and_min_tests.h" />
		<Unit filename="Numbers/standard_operations.h" />
		<Unit filename="Numbers/stirling_numbers_modulo.h" />
		<Unit filename="Numbers/stirling_numbers_modulo_tests.cpp" />
		<Unit filename="Numbers/stirling_numbers_modulo_tests.h" />
		<Unit filename="Numbers/string_cut_into_min_palindromes.h" />
		<Unit filename="Numbers/string_cut_into_min_palindromes_tests.cpp" />
		<Unit filename="Numbers/string_cut_into_min_palindromes_tests.h" />
		<Unit filename="Numbers/string_min_appends_to_palindrome.h" />
		<Unit filename="Numbers/string_min_appends_to_palindrome_tests.cpp" />
		<Unit filename="Numbers/string_min_appends_to_palindrome_tests.h" />
		<Unit filename="Numbers/string_pattern_adjacent_swap_count.h" />
		<Unit filename="Numbers/string_pattern_adjacent_swap_count_tests.cpp" />
		<Unit filename="Numbers/string_pattern_adjacent_swap_count_tests.h" />
		<Unit filename="Numbers/subsequence_of_minimum_positive_sum.cpp" />
		<Unit filename="Numbers/subsequence_of_minimum_positive_sum.h" />
		<Unit filename="Numbers/subsequence_of_minimum_positive_sum_tests.cpp" />
		<Unit filename="Numbers/subsequence_of_minimum_positive_sum_tests.h" />
		<Unit filename="Numbers/subset.h" />
		<Unit filename="Numbers/subset_number.h" />
		<Unit filename="Numbers/subset_number_tests.cpp" />
		<Unit filename="Numbers/subset_number_tests.h" />
		<Unit filename="Numbers/subset_sum.h" />
		<Unit filename="Numbers/subset_sum_tests.cpp" />
		<Unit filename="Numbers/subset_sum_tests.h" />
		<Unit filename="Numbers/subset_tests.cpp" />
		<Unit filename="Numbers/subset_tests.h" />
		<Unit filename="Numbers/substring_of_minimum_positive_sum.cpp" />
		<Unit filename="Numbers/substring_of_minimum_positive_sum.h" />
		<Unit filename="Numbers/substring_of_minimum_positive_sum_tests.cpp" />
		<Unit filename="Numbers/substring_of_minimum_positive_sum_tests.h" />
		<Unit filename="Numbers/sum_item.h" />
		<Unit filename="Numbers/sum_min_two_consecutive_numbers.h" />
		<Unit filename="Numbers/sum_min_two_consecutive_numbers_tests.cpp" />
		<Unit filename="Numbers/sum_min_two_consecutive_numbers_tests.h" />
		<Unit filename="Numbers/swap_knights_min_moves.h" />
		<Unit filename="Numbers/swap_knights_min_moves_tests.cpp" />
		<Unit filename="Numbers/swap_knights_min_moves_tests.h" />
		<Unit filename="Numbers/to_unsigned.h" />
		<Unit filename="Numbers/too_deep_stack_exception.h" />
		<Unit filename="Numbers/totient.h" />
		<Unit filename="Numbers/two_repetitions_interleaving.cpp" />
		<Unit filename="Numbers/two_repetitions_interleaving.h" />
		<Unit filename="Numbers/two_repetitions_interleaving_tests.cpp" />
		<Unit filename="Numbers/two_repetitions_interleaving_tests.h" />
		<Unit filename="Numbers/two_subsets_min_diff_knapsack.h" />
		<Unit filename="Numbers/two_subsets_min_diff_knapsack_tests.cpp" />
		<Unit filename="Numbers/two_subsets_min_diff_knapsack_tests.h" />
		<Unit filename="Numbers/variance.h" />
		<Unit filename="Numbers/variance_tests.cpp" />
		<Unit filename="Numbers/variance_tests.h" />
		<Unit filename="Numbers/vector_clock.h" />
		<Unit filename="Numbers/vector_clock_tests.cpp" />
		<Unit filename="Numbers/vector_clock_tests.h" />
		<Unit filename="Numbers/weighted_interval.h" />
		<Unit filename="Numbers/weighted_interval_scheduling.h" />
		<Unit filename="Numbers/weighted_interval_scheduling_tests.cpp" />
		<Unit filename="Numbers/weighted_interval_scheduling_tests.h" />
		<Unit filename="Numbers/weighted_median_selection.h" />
		<Unit filename="Numbers/weighted_median_selection_tests.cpp" />
		<Unit filename="Numbers/weighted_median_selection_tests.h" />
		<Unit filename="Numbers/xor_1.h" />
		<Unit filename="Numbers/xor_queue.h" />
		<Unit filename="Numbers/xor_queue_tests.cpp" />
		<Unit filename="Numbers/xor_queue_tests.h" />
		<Unit filename="Strings/add_tests.cpp" />
		<Unit filename="Strings/add_tests.h" />
		<Unit filename="Strings/aho_corasick.h" />
		<Unit filename="Strings/aho_corasick_tests.cpp" />
		<Unit filename="Strings/aho_corasick_tests.h" />
		<Unit filename="Strings/burrows_wheeler_transform.h" />
		<Unit filename="Strings/burrows_wheeler_transform_tests.cpp" />
		<Unit filename="Strings/burrows_wheeler_transform_tests.h" />
		<Unit filename="Strings/count_distinct_substrings_of_length.cpp" />
		<Unit filename="Strings/count_distinct_substrings_of_length.h" />
		<Unit filename="Strings/count_distinct_substrings_of_length_tests.cpp" />
		<Unit filename="Strings/count_distinct_substrings_of_length_tests.h" />
		<Unit filename="Strings/demand_char_unique.h" />
		<Unit filename="Strings/double_dispatch_tests.cpp" />
		<Unit filename="Strings/double_dispatch_tests.h" />
		<Unit filename="Strings/edit_distance_vintsiuk.h" />
		<Unit filename="Strings/edit_distance_vintsiuk_tests.cpp" />
		<Unit filename="Strings/edit_distance_vintsiuk_tests.h" />
		<Unit filename="Strings/enumerate_all_valid_brace_strings.h" />
		<Unit filename="Strings/enumerate_all_valid_brace_strings_tests.cpp" />
		<Unit filename="Strings/enumerate_all_valid_brace_strings_tests.h" />
		<Unit filename="Strings/full_class.h" />
		<Unit filename="Strings/full_class_tests.cpp" />
		<Unit filename="Strings/full_class_tests.h" />
		<Unit filename="Strings/kmp_todo.h" />
		<Unit filename="Strings/knuth_morris_pratt.h" />
		<Unit filename="Strings/knuth_morris_pratt_tests.cpp" />
		<Unit filename="Strings/knuth_morris_pratt_tests.h" />
		<Unit filename="Strings/lcp_tests.cpp" />
		<Unit filename="Strings/lcp_tests.h" />
		<Unit filename="Strings/longest_common_factor.h" />
		<Unit filename="Strings/longest_common_factor_tests.cpp" />
		<Unit filename="Strings/longest_common_factor_tests.h" />
		<Unit filename="Strings/longest_common_subsequence.h" />
		<Unit filename="Strings/longest_common_subsequence_hunt_szymanski.h" />
		<Unit filename="Strings/longest_common_subsequence_tests.cpp" />
		<Unit filename="Strings/longest_common_subsequence_tests.h" />
		<Unit filename="Strings/longest_palindromic_factor_manacher.h" />
		<Unit filename="Strings/longest_palindromic_factor_manacher_tests.cpp" />
		<Unit filename="Strings/longest_palindromic_factor_manacher_tests.h" />
		<Unit filename="Strings/longest_repeated_substring.h" />
		<Unit filename="Strings/longest_repeated_substring_tests.cpp" />
		<Unit filename="Strings/longest_repeated_substring_tests.h" />
		<Unit filename="Strings/longest_subsequence_palindrome.h" />
		<Unit filename="Strings/longest_subsequence_palindrome_tests.cpp" />
		<Unit filename="Strings/longest_subsequence_palindrome_tests.h" />
		<Unit filename="Strings/magic_pendel.h" />
		<Unit filename="Strings/map_letter_to_positions.h" />
		<Unit filename="Strings/match_begin_end.h" />
		<Unit filename="Strings/pattern_text_view.h" />
		<Unit filename="Strings/rabin_karp.h" />
		<Unit filename="Strings/regular_expression.cpp" />
		<Unit filename="Strings/regular_expression.h" />
		<Unit filename="Strings/regular_expression_tests.cpp" />
		<Unit filename="Strings/regular_expression_tests.h" />
		<Unit filename="Strings/string_to_vector.h" />
		<Unit filename="Strings/string_utilities.h" />
		<Unit filename="Strings/suffix_array.cpp" />
		<Unit filename="Strings/suffix_array.h" />
		<Unit filename="Strings/suffix_array_search_tests.cpp" />
		<Unit filename="Strings/suffix_array_search_tests.h" />
		<Unit filename="Strings/suffix_array_tests.cpp" />
		<Unit filename="Strings/suffix_array_tests.h" />
		<Unit filename="Strings/test_name_utilities_tests.cpp" />
		<Unit filename="Strings/test_name_utilities_tests.h" />
		<Unit filename="Strings/text_justification.h" />
		<Unit filename="Strings/text_justification_tests.cpp" />
		<Unit filename="Strings/text_justification_tests.h" />
		<Unit filename="Strings/text_recognition.h" />
		<Unit filename="Strings/text_recognition_tests.cpp" />
		<Unit filename="Strings/text_recognition_tests.h" />
		<Unit filename="Strings/three_strings_interleaving.h" />
		<Unit filename="Strings/three_strings_interleaving_tests.cpp" />
		<Unit filename="Strings/three_strings_interleaving_tests.h" />
		<Unit filename="Strings/ukkonen_suffix_tree.h" />
		<Unit filename="Strings/ukkonen_suffix_tree_tests.cpp" />
		<Unit filename="Strings/ukkonen_suffix_tree_tests.h" />
		<Unit filename="Strings/ukkonen_suffix_tree_utilities.h" />
		<Unit filename="Strings/word_recognizer.h" />
		<Unit filename="Strings/word_recognizer_tests.cpp" />
		<Unit filename="Strings/word_recognizer_tests.h" />
		<Unit filename="Strings/z_alg.h" />
		<Unit filename="Strings/z_alg_tests.cpp" />
		<Unit filename="Strings/z_alg_tests.h" />
		<Unit filename="Utilities/adl_tests.cpp" />
		<Unit filename="Utilities/adl_tests.h" />
		<Unit filename="Utilities/base_test_case.cpp" />
		<Unit filename="Utilities/base_test_case.h" />
		<Unit filename="Utilities/check_chosen_sum.h" />
		<Unit filename="Utilities/check_size.h" />
		<Unit filename="Utilities/clang_constexpr.h" />
		<Unit filename="Utilities/compute_core_count.cpp" />
		<Unit filename="Utilities/compute_core_count.h" />
		<Unit filename="Utilities/concept_requires_tests.cpp" />
		<Unit filename="Utilities/concept_requires_tests.h" />
		<Unit filename="Utilities/console_color.cpp" />
		<Unit filename="Utilities/console_color.h" />
		<Unit filename="Utilities/constructor_tests.cpp" />
		<Unit filename="Utilities/constructor_tests.h" />
		<Unit filename="Utilities/create_or_terminate.h" />
		<Unit filename="Utilities/definitiv_operator_feed.h" />
		<Unit filename="Utilities/elapsed_time_ns.h" />
		<Unit filename="Utilities/epsilon_default.h" />
		<Unit filename="Utilities/ert.h" />
		<Unit filename="Utilities/find_first_repetition.h" />
		<Unit filename="Utilities/find_first_repetition_tests.cpp" />
		<Unit filename="Utilities/find_first_repetition_tests.h" />
		<Unit filename="Utilities/floating_point_type.h" />
		<Unit filename="Utilities/generatorin.h" />
		<Unit filename="Utilities/generatorin_tests.cpp" />
		<Unit filename="Utilities/generatorin_tests.h" />
		<Unit filename="Utilities/get_sub_test_semaphore.cpp" />
		<Unit filename="Utilities/get_sub_test_semaphore.h" />
		<Unit filename="Utilities/has_openmp.cpp" />
		<Unit filename="Utilities/has_openmp.h" />
		<Unit filename="Utilities/iota_vector.h" />
		<Unit filename="Utilities/is_char_ptr.h" />
		<Unit filename="Utilities/is_class_helper.h" />
		<Unit filename="Utilities/is_concept_tests.cpp" />
		<Unit filename="Utilities/is_concept_tests.h" />
		<Unit filename="Utilities/is_debug.h" />
		<Unit filename="Utilities/is_integral_pure.h" />
		<Unit filename="Utilities/is_little_endian.cpp" />
		<Unit filename="Utilities/is_little_endian.h" />
		<Unit filename="Utilities/is_noexcept.h" />
		<Unit filename="Utilities/is_noexcept_tests.cpp" />
		<Unit filename="Utilities/jthread_not.h" />
		<Unit filename="Utilities/launch_exception.cpp" />
		<Unit filename="Utilities/launch_exception.h" />
		<Unit filename="Utilities/localize_stream.h" />
		<Unit filename="Utilities/make_optional2.h" />
		<Unit filename="Utilities/marasmus_tests.cpp" />
		<Unit filename="Utilities/marasmus_tests.h" />
		<Unit filename="Utilities/max_double_precision.h" />
		<Unit filename="Utilities/mess_c_str.h" />
		<Unit filename="Utilities/named_functor.h" />
		<Unit filename="Utilities/pair_like.h" />
		<Unit filename="Utilities/print.h" />
		<Unit filename="Utilities/print_utilities.h" />
		<Unit filename="Utilities/project_constants.h" />
		<Unit filename="Utilities/random.cpp" />
		<Unit filename="Utilities/random.h" />
		<Unit filename="Utilities/random_generator.h" />
		<Unit filename="Utilities/random_generator_pair.h" />
		<Unit filename="Utilities/random_matrix.h" />
		<Unit filename="Utilities/remove_duplicates.h" />
		<Unit filename="Utilities/require_matrix.h" />
		<Unit filename="Utilities/require_utilities.h" />
		<Unit filename="Utilities/resettable.h" />
		<Unit filename="Utilities/run_result_kind.h" />
		<Unit filename="Utilities/run_result_utilities.h" />
		<Unit filename="Utilities/run_until_success.cpp" />
		<Unit filename="Utilities/run_until_success.h" />
		<Unit filename="Utilities/same_sign_leq_size.h" />
		<Unit filename="Utilities/simple_test_case.h" />
		<Unit filename="Utilities/specialization_tests.cpp" />
		<Unit filename="Utilities/specialization_tests.h" />
		<Unit filename="Utilities/static_false.h" />
		<Unit filename="Utilities/stdream.h" />
		<Unit filename="Utilities/stdream_tests.cpp" />
		<Unit filename="Utilities/stdream_tests.h" />
		<Unit filename="Utilities/stringer.h" />
		<Unit filename="Utilities/tag_kind.h" />
		<Unit filename="Utilities/task_runner.h" />
		<Unit filename="Utilities/test_function.h" />
		<Unit filename="Utilities/test_name_utilities.h" />
		<Unit filename="Utilities/test_named_functor.cpp" />
		<Unit filename="Utilities/test_named_functor.h" />
		<Unit filename="Utilities/test_run_context.h" />
		<Unit filename="Utilities/test_utilities.h" />
		<Unit filename="Utilities/tests.cpp" />
		<Unit filename="Utilities/tests.h" />
		<Unit filename="Utilities/tests_run.cpp" />
		<Unit filename="Utilities/three_numpunct.h" />
		<Unit filename="Utilities/throw_exception.h" />
		<Unit filename="Utilities/uniq_name_tests.cpp" />
		<Unit filename="Utilities/uniq_name_tests.h" />
		<Unit filename="Utilities/w_stream.cpp" />
		<Unit filename="Utilities/w_stream.h" />
		<Unit filename="Utilities/zu_string.h" />
		<Unit filename="Utilities/zu_string_tests.cpp" />
		<Unit filename="Utilities/zu_string_tests.h" />
		<Unit filename="main.cpp" />
		<Extensions>
			<lib_finder disable_auto="1" />
		</Extensions>
	</Project>
</CodeBlocks_project_file>
